# THIS IS AN AUTOGENERATED FILE. DO NOT EDIT THIS FILE DIRECTLY.
# yarn lockfile v1


commander@~2.15.0:
  version "2.15.1"
  resolved "https://registry.yarnpkg.com/commander/-/commander-2.15.1.tgz#df46e867d0fc2aec66a34662b406a9ccafff5b0f"

conventional-commit-types@^2.0.0:
  version "2.2.0"
  resolved "https://registry.yarnpkg.com/conventional-commit-types/-/conventional-commit-types-2.2.0.tgz#5db95739d6c212acbe7b6f656a11b940baa68946"

cz-conventional-changelog@^2.1.0:
  version "2.1.0"
  resolved "https://registry.yarnpkg.com/cz-conventional-changelog/-/cz-conventional-changelog-2.1.0.tgz#2f4bc7390e3244e4df293e6ba351e4c740a7c764"
  dependencies:
    conventional-commit-types "^2.0.0"
    lodash.map "^4.5.1"
    longest "^1.0.1"
    right-pad "^1.0.1"
    word-wrap "^1.0.3"

lodash.map@^4.5.1:
  version "4.6.0"
  resolved "https://registry.yarnpkg.com/lodash.map/-/lodash.map-4.6.0.tgz#771ec7839e3473d9c4cde28b19394c3562f4f6d3"

longest@^1.0.1:
  version "1.0.1"
  resolved "https://registry.yarnpkg.com/longest/-/longest-1.0.1.tgz#30a0b2da38f73770e8294a0d22e6625ed77d0097"

monaco-editor-core@0.12.0:
  version "0.12.0"
  resolved "https://registry.yarnpkg.com/monaco-editor-core/-/monaco-editor-core-0.12.0.tgz#185c4233907582b78472fe30bad13af7ad6e8d8e"

monaco-languages@1.0.0:
  version "1.0.0"
  resolved "https://registry.yarnpkg.com/monaco-languages/-/monaco-languages-1.0.0.tgz#e9f1db9fa72d6132c8a4adbca5acbc6ad1bc2ca8"

monaco-plugin-helpers@^1.0.2:
  version "1.0.2"
  resolved "https://registry.yarnpkg.com/monaco-plugin-helpers/-/monaco-plugin-helpers-1.0.2.tgz#ee1af42503fe4669f3a8731112b661032e41c8a9"
  dependencies:
    typescript "^2.7.2"

requirejs@^2.3.5:
  version "2.3.5"
  resolved "https://registry.yarnpkg.com/requirejs/-/requirejs-2.3.5.tgz#617b9acbbcb336540ef4914d790323a8d4b861b0"

right-pad@^1.0.1:
  version "1.0.1"
  resolved "https://registry.yarnpkg.com/right-pad/-/right-pad-1.0.1.tgz#8ca08c2cbb5b55e74dafa96bf7fd1a27d568c8d0"

source-map@~0.6.1:
  version "0.6.1"
  resolved "https://registry.yarnpkg.com/source-map/-/source-map-0.6.1.tgz#74722af32e9614e9c287a8d0bbde48b5e2f1a263"

typescript@2.7.2:
  version "2.7.2"
  resolved "https://registry.yarnpkg.com/typescript/-/typescript-2.7.2.tgz#2d615a1ef4aee4f574425cdff7026edf81919836"

typescript@^2.7.2:
  version "2.9.2"
  resolved "https://registry.yarnpkg.com/typescript/-/typescript-2.9.2.tgz#1cbf61d05d6b96269244eb6a3bce4bd914e0f00c"

uglify-js@^3.3.14:
  version "3.4.1"
  resolved "https://registry.yarnpkg.com/uglify-js/-/uglify-js-3.4.1.tgz#006da540dc25e9319d106a99a5ef1d24ae04ce60"
  dependencies:
    commander "~2.15.0"
    source-map "~0.6.1"

vscode-languageserver-types@3.6.1:
  version "3.6.1"
  resolved "https://registry.yarnpkg.com/vscode-languageserver-types/-/vscode-languageserver-types-3.6.1.tgz#4bc06a48dff653495f12f94b8b1e228988a1748d"

vscode-nls@^3.2.2:
  version "3.2.2"
  resolved "https://registry.yarnpkg.com/vscode-nls/-/vscode-nls-3.2.2.tgz#3817eca5b985c2393de325197cf4e15eb2aa5350"

vscode-uri@^1.0.5:
  version "1.0.5"
  resolved "https://registry.yarnpkg.com/vscode-uri/-/vscode-uri-1.0.5.tgz#3b899a8ef71c37f3054d79bdbdda31c7bf36f20d"

word-wrap@^1.0.3:
  version "1.2.3"
  resolved "https://registry.yarnpkg.com/word-wrap/-/word-wrap-1.2.3.tgz#610636f6b1f703891bd34771ccb17fb93b47079c"
